// !$*UTF8*$!
{
	archiveVersion = 1;
	classes = {
	};
	objectVersion = 50;
	objects = {

/* Begin PBXBuildFile section */
		8A050A0324FEFB2F00D5222D /* AppDelegate.swift in Sources */ = {isa = PBXBuildFile; fileRef = 8A050A0224FEFB2F00D5222D /* AppDelegate.swift */; };
		8A050A0524FEFB2F00D5222D /* SceneDelegate.swift in Sources */ = {isa = PBXBuildFile; fileRef = 8A050A0424FEFB2F00D5222D /* SceneDelegate.swift */; };
		8A050A0724FEFB2F00D5222D /* ContentView.swift in Sources */ = {isa = PBXBuildFile; fileRef = 8A050A0624FEFB2F00D5222D /* ContentView.swift */; };
		8A050A0924FEFB3200D5222D /* Assets.xcassets in Resources */ = {isa = PBXBuildFile; fileRef = 8A050A0824FEFB3200D5222D /* Assets.xcassets */; };
		8A050A0C24FEFB3200D5222D /* Preview Assets.xcassets in Resources */ = {isa = PBXBuildFile; fileRef = 8A050A0B24FEFB3200D5222D /* Preview Assets.xcassets */; };
		8A050A0F24FEFB3200D5222D /* LaunchScreen.storyboard in Resources */ = {isa = PBXBuildFile; fileRef = 8A050A0D24FEFB3200D5222D /* LaunchScreen.storyboard */; };
		8A050A2724FEFD1E00D5222D /* Contact.swift in Sources */ = {isa = PBXBuildFile; fileRef = 8A050A2624FEFD1E00D5222D /* Contact.swift */; };
		8A050A2924FEFD6000D5222D /* SampleDataTests.swift in Sources */ = {isa = PBXBuildFile; fileRef = 8A050A2824FEFD6000D5222D /* SampleDataTests.swift */; };
		8A050A2B24FEFDCB00D5222D /* contacts.json in Resources */ = {isa = PBXBuildFile; fileRef = 8A050A2A24FEFDCB00D5222D /* contacts.json */; };
		8A050A2D24FEFE9800D5222D /* WebService.swift in Sources */ = {isa = PBXBuildFile; fileRef = 8A050A2C24FEFE9800D5222D /* WebService.swift */; };
		8A050A3024FEFEC600D5222D /* ContactsWebService.swift in Sources */ = {isa = PBXBuildFile; fileRef = 8A050A2F24FEFEC600D5222D /* ContactsWebService.swift */; };
		8A050A3224FEFFE300D5222D /* UserDefaultStorage.swift in Sources */ = {isa = PBXBuildFile; fileRef = 8A050A3124FEFFE300D5222D /* UserDefaultStorage.swift */; };
		8A050A3624FF004400D5222D /* UserDefaultStorageTests.swift in Sources */ = {isa = PBXBuildFile; fileRef = 8A050A3524FF004400D5222D /* UserDefaultStorageTests.swift */; };
		8A050A3824FF01B500D5222D /* ContactRow.swift in Sources */ = {isa = PBXBuildFile; fileRef = 8A050A3724FF01B500D5222D /* ContactRow.swift */; };
		8A050A3A24FF027300D5222D /* ContactList.swift in Sources */ = {isa = PBXBuildFile; fileRef = 8A050A3924FF027300D5222D /* ContactList.swift */; };
		8A050A3C24FF028600D5222D /* ContactListViewModel.swift in Sources */ = {isa = PBXBuildFile; fileRef = 8A050A3B24FF028600D5222D /* ContactListViewModel.swift */; };
/* End PBXBuildFile section */

/* Begin PBXContainerItemProxy section */
		8A050A1624FEFB3200D5222D /* PBXContainerItemProxy */ = {
			isa = PBXContainerItemProxy;
			containerPortal = 8A0509F724FEFB2F00D5222D /* Project object */;
			proxyType = 1;
			remoteGlobalIDString = 8A0509FE24FEFB2F00D5222D;
			remoteInfo = ResearchNotes;
		};
/* End PBXContainerItemProxy section */

/* Begin PBXFileReference section */
		8A0509FF24FEFB2F00D5222D /* ResearchNotes.app */ = {isa = PBXFileReference; explicitFileType = wrapper.application; includeInIndex = 0; path = ResearchNotes.app; sourceTree = BUILT_PRODUCTS_DIR; };
		8A050A0224FEFB2F00D5222D /* AppDelegate.swift */ = {isa = PBXFileReference; lastKnownFileType = sourcecode.swift; path = AppDelegate.swift; sourceTree = "<group>"; };
		8A050A0424FEFB2F00D5222D /* SceneDelegate.swift */ = {isa = PBXFileReference; lastKnownFileType = sourcecode.swift; path = SceneDelegate.swift; sourceTree = "<group>"; };
		8A050A0624FEFB2F00D5222D /* ContentView.swift */ = {isa = PBXFileReference; lastKnownFileType = sourcecode.swift; path = ContentView.swift; sourceTree = "<group>"; };
		8A050A0824FEFB3200D5222D /* Assets.xcassets */ = {isa = PBXFileReference; lastKnownFileType = folder.assetcatalog; path = Assets.xcassets; sourceTree = "<group>"; };
		8A050A0B24FEFB3200D5222D /* Preview Assets.xcassets */ = {isa = PBXFileReference; lastKnownFileType = folder.assetcatalog; path = "Preview Assets.xcassets"; sourceTree = "<group>"; };
		8A050A0E24FEFB3200D5222D /* Base */ = {isa = PBXFileReference; lastKnownFileType = file.storyboard; name = Base; path = Base.lproj/LaunchScreen.storyboard; sourceTree = "<group>"; };
		8A050A1024FEFB3200D5222D /* Info.plist */ = {isa = PBXFileReference; lastKnownFileType = text.plist.xml; path = Info.plist; sourceTree = "<group>"; };
		8A050A1524FEFB3200D5222D /* ResearchNotesTests.xctest */ = {isa = PBXFileReference; explicitFileType = wrapper.cfbundle; includeInIndex = 0; path = ResearchNotesTests.xctest; sourceTree = BUILT_PRODUCTS_DIR; };
		8A050A1B24FEFB3200D5222D /* Info.plist */ = {isa = PBXFileReference; lastKnownFileType = text.plist.xml; path = Info.plist; sourceTree = "<group>"; };
		8A050A2624FEFD1E00D5222D /* Contact.swift */ = {isa = PBXFileReference; lastKnownFileType = sourcecode.swift; path = Contact.swift; sourceTree = "<group>"; };
		8A050A2824FEFD6000D5222D /* SampleDataTests.swift */ = {isa = PBXFileReference; lastKnownFileType = sourcecode.swift; path = SampleDataTests.swift; sourceTree = "<group>"; };
		8A050A2A24FEFDCB00D5222D /* contacts.json */ = {isa = PBXFileReference; fileEncoding = 4; lastKnownFileType = text.json; path = contacts.json; sourceTree = "<group>"; };
		8A050A2C24FEFE9800D5222D /* WebService.swift */ = {isa = PBXFileReference; lastKnownFileType = sourcecode.swift; path = WebService.swift; sourceTree = "<group>"; };
		8A050A2F24FEFEC600D5222D /* ContactsWebService.swift */ = {isa = PBXFileReference; lastKnownFileType = sourcecode.swift; path = ContactsWebService.swift; sourceTree = "<group>"; };
		8A050A3124FEFFE300D5222D /* UserDefaultStorage.swift */ = {isa = PBXFileReference; lastKnownFileType = sourcecode.swift; path = UserDefaultStorage.swift; sourceTree = "<group>"; };
		8A050A3524FF004400D5222D /* UserDefaultStorageTests.swift */ = {isa = PBXFileReference; lastKnownFileType = sourcecode.swift; path = UserDefaultStorageTests.swift; sourceTree = "<group>"; };
		8A050A3724FF01B500D5222D /* ContactRow.swift */ = {isa = PBXFileReference; lastKnownFileType = sourcecode.swift; path = ContactRow.swift; sourceTree = "<group>"; };
		8A050A3924FF027300D5222D /* ContactList.swift */ = {isa = PBXFileReference; lastKnownFileType = sourcecode.swift; path = ContactList.swift; sourceTree = "<group>"; };
		8A050A3B24FF028600D5222D /* ContactListViewModel.swift */ = {isa = PBXFileReference; lastKnownFileType = sourcecode.swift; path = ContactListViewModel.swift; sourceTree = "<group>"; };
/* End PBXFileReference section */

/* Begin PBXFrameworksBuildPhase section */
		8A0509FC24FEFB2F00D5222D /* Frameworks */ = {
			isa = PBXFrameworksBuildPhase;
			buildActionMask = 2147483647;
			files = (
			);
			runOnlyForDeploymentPostprocessing = 0;
		};
		8A050A1224FEFB3200D5222D /* Frameworks */ = {
			isa = PBXFrameworksBuildPhase;
			buildActionMask = 2147483647;
			files = (
			);
			runOnlyForDeploymentPostprocessing = 0;
		};
/* End PBXFrameworksBuildPhase section */

/* Begin PBXGroup section */
		8A0509F624FEFB2F00D5222D = {
			isa = PBXGroup;
			children = (
				8A050A0124FEFB2F00D5222D /* ResearchNotes */,
				8A050A1824FEFB3200D5222D /* ResearchNotesTests */,
				8A050A0024FEFB2F00D5222D /* Products */,
			);
			sourceTree = "<group>";
		};
		8A050A0024FEFB2F00D5222D /* Products */ = {
			isa = PBXGroup;
			children = (
				8A0509FF24FEFB2F00D5222D /* ResearchNotes.app */,
				8A050A1524FEFB3200D5222D /* ResearchNotesTests.xctest */,
			);
			name = Products;
			sourceTree = "<group>";
		};
		8A050A0124FEFB2F00D5222D /* ResearchNotes */ = {
			isa = PBXGroup;
			children = (
				8A050A0224FEFB2F00D5222D /* AppDelegate.swift */,
				8A050A0424FEFB2F00D5222D /* SceneDelegate.swift */,
				8A050A0624FEFB2F00D5222D /* ContentView.swift */,
				8A050A2424FEFCEE00D5222D /* Network */,
				8A050A3424FEFFFA00D5222D /* Utils */,
				8A050A0824FEFB3200D5222D /* Assets.xcassets */,
				8A050A0D24FEFB3200D5222D /* LaunchScreen.storyboard */,
				8A050A1024FEFB3200D5222D /* Info.plist */,
				8A050A2A24FEFDCB00D5222D /* contacts.json */,
				8A050A0A24FEFB3200D5222D /* Preview Content */,
				8A050A3724FF01B500D5222D /* ContactRow.swift */,
				8A050A3924FF027300D5222D /* ContactList.swift */,
				8A050A3B24FF028600D5222D /* ContactListViewModel.swift */,
			);
			path = ResearchNotes;
			sourceTree = "<group>";
		};
		8A050A0A24FEFB3200D5222D /* Preview Content */ = {
			isa = PBXGroup;
			children = (
				8A050A0B24FEFB3200D5222D /* Preview Assets.xcassets */,
			);
			path = "Preview Content";
			sourceTree = "<group>";
		};
		8A050A1824FEFB3200D5222D /* ResearchNotesTests */ = {
			isa = PBXGroup;
			children = (
				8A050A1B24FEFB3200D5222D /* Info.plist */,
				8A050A2824FEFD6000D5222D /* SampleDataTests.swift */,
				8A050A3524FF004400D5222D /* UserDefaultStorageTests.swift */,
			);
			path = ResearchNotesTests;
			sourceTree = "<group>";
		};
		8A050A2424FEFCEE00D5222D /* Network */ = {
			isa = PBXGroup;
			children = (
				8A050A2524FEFCFB00D5222D /* Model */,
				8A050A2E24FEFEB900D5222D /* Service */,
			);
			path = Network;
			sourceTree = "<group>";
		};
		8A050A2524FEFCFB00D5222D /* Model */ = {
			isa = PBXGroup;
			children = (
				8A050A2624FEFD1E00D5222D /* Contact.swift */,
			);
			path = Model;
			sourceTree = "<group>";
		};
		8A050A2E24FEFEB900D5222D /* Service */ = {
			isa = PBXGroup;
			children = (
				8A050A2C24FEFE9800D5222D /* WebService.swift */,
				8A050A2F24FEFEC600D5222D /* ContactsWebService.swift */,
			);
			path = Service;
			sourceTree = "<group>";
		};
		8A050A3424FEFFFA00D5222D /* Utils */ = {
			isa = PBXGroup;
			children = (
				8A050A3124FEFFE300D5222D /* UserDefaultStorage.swift */,
			);
			path = Utils;
			sourceTree = "<group>";
		};
/* End PBXGroup section */

/* Begin PBXNativeTarget section */
		8A0509FE24FEFB2F00D5222D /* ResearchNotes */ = {
			isa = PBXNativeTarget;
			buildConfigurationList = 8A050A1E24FEFB3200D5222D /* Build configuration list for PBXNativeTarget "ResearchNotes" */;
			buildPhases = (
				8A0509FB24FEFB2F00D5222D /* Sources */,
				8A0509FC24FEFB2F00D5222D /* Frameworks */,
				8A0509FD24FEFB2F00D5222D /* Resources */,
			);
			buildRules = (
			);
			dependencies = (
			);
			name = ResearchNotes;
			productName = ResearchNotes;
			productReference = 8A0509FF24FEFB2F00D5222D /* ResearchNotes.app */;
			productType = "com.apple.product-type.application";
		};
		8A050A1424FEFB3200D5222D /* ResearchNotesTests */ = {
			isa = PBXNativeTarget;
			buildConfigurationList = 8A050A2124FEFB3200D5222D /* Build configuration list for PBXNativeTarget "ResearchNotesTests" */;
			buildPhases = (
				8A050A1124FEFB3200D5222D /* Sources */,
				8A050A1224FEFB3200D5222D /* Frameworks */,
				8A050A1324FEFB3200D5222D /* Resources */,
			);
			buildRules = (
			);
			dependencies = (
				8A050A1724FEFB3200D5222D /* PBXTargetDependency */,
			);
			name = ResearchNotesTests;
			productName = ResearchNotesTests;
			productReference = 8A050A1524FEFB3200D5222D /* ResearchNotesTests.xctest */;
			productType = "com.apple.product-type.bundle.unit-test";
		};
/* End PBXNativeTarget section */

/* Begin PBXProject section */
		8A0509F724FEFB2F00D5222D /* Project object */ = {
			isa = PBXProject;
			attributes = {
				LastSwiftUpdateCheck = 1160;
				LastUpgradeCheck = 1160;
				ORGANIZATIONNAME = "Max Bhuiyan";
				TargetAttributes = {
					8A0509FE24FEFB2F00D5222D = {
						CreatedOnToolsVersion = 11.6;
					};
					8A050A1424FEFB3200D5222D = {
						CreatedOnToolsVersion = 11.6;
						TestTargetID = 8A0509FE24FEFB2F00D5222D;
					};
				};
			};
			buildConfigurationList = 8A0509FA24FEFB2F00D5222D /* Build configuration list for PBXProject "ResearchNotes" */;
			compatibilityVersion = "Xcode 9.3";
			developmentRegion = en;
			hasScannedForEncodings = 0;
			knownRegions = (
				en,
				Base,
			);
			mainGroup = 8A0509F624FEFB2F00D5222D;
			productRefGroup = 8A050A0024FEFB2F00D5222D /* Products */;
			projectDirPath = "";
			projectRoot = "";
			targets = (
				8A0509FE24FEFB2F00D5222D /* ResearchNotes */,
				8A050A1424FEFB3200D5222D /* ResearchNotesTests */,
			);
		};
/* End PBXProject section */

/* Begin PBXResourcesBuildPhase section */
		8A0509FD24FEFB2F00D5222D /* Resources */ = {
			isa = PBXResourcesBuildPhase;
			buildActionMask = 2147483647;
			files = (
				8A050A2B24FEFDCB00D5222D /* contacts.json in Resources */,
				8A050A0F24FEFB3200D5222D /* LaunchScreen.storyboard in Resources */,
				8A050A0C24FEFB3200D5222D /* Preview Assets.xcassets in Resources */,
				8A050A0924FEFB3200D5222D /* Assets.xcassets in Resources */,
			);
			runOnlyForDeploymentPostprocessing = 0;
		};
		8A050A1324FEFB3200D5222D /* Resources */ = {
			isa = PBXResourcesBuildPhase;
			buildActionMask = 2147483647;
			files = (
			);
			runOnlyForDeploymentPostprocessing = 0;
		};
/* End PBXResourcesBuildPhase section */

/* Begin PBXSourcesBuildPhase section */
		8A0509FB24FEFB2F00D5222D /* Sources */ = {
			isa = PBXSourcesBuildPhase;
			buildActionMask = 2147483647;
			files = (
				8A050A2724FEFD1E00D5222D /* Contact.swift in Sources */,
				8A050A0324FEFB2F00D5222D /* AppDelegate.swift in Sources */,
				8A050A0524FEFB2F00D5222D /* SceneDelegate.swift in Sources */,
				8A050A2D24FEFE9800D5222D /* WebService.swift in Sources */,
				8A050A0724FEFB2F00D5222D /* ContentView.swift in Sources */,
				8A050A3C24FF028600D5222D /* ContactListViewModel.swift in Sources */,
				8A050A3224FEFFE300D5222D /* UserDefaultStorage.swift in Sources */,
				8A050A3A24FF027300D5222D /* ContactList.swift in Sources */,
				8A050A3024FEFEC600D5222D /* ContactsWebService.swift in Sources */,
				8A050A3824FF01B500D5222D /* ContactRow.swift in Sources */,
			);
			runOnlyForDeploymentPostprocessing = 0;
		};
		8A050A1124FEFB3200D5222D /* Sources */ = {
			isa = PBXSourcesBuildPhase;
			buildActionMask = 2147483647;
			files = (
				8A050A3624FF004400D5222D /* UserDefaultStorageTests.swift in Sources */,
				8A050A2924FEFD6000D5222D /* SampleDataTests.swift in Sources */,
			);
			runOnlyForDeploymentPostprocessing = 0;
		};
/* End PBXSourcesBuildPhase section */

/* Begin PBXTargetDependency section */
		8A050A1724FEFB3200D5222D /* PBXTargetDependency */ = {
			isa = PBXTargetDependency;
			target = 8A0509FE24FEFB2F00D5222D /* ResearchNotes */;
			targetProxy = 8A050A1624FEFB3200D5222D /* PBXContainerItemProxy */;
		};
/* End PBXTargetDependency section */

/* Begin PBXVariantGroup section */
		8A050A0D24FEFB3200D5222D /* LaunchScreen.storyboard */ = {
			isa = PBXVariantGroup;
			children = (
				8A050A0E24FEFB3200D5222D /* Base */,
			);
			name = LaunchScreen.storyboard;
			sourceTree = "<group>";
		};
/* End PBXVariantGroup section */

/* Begin XCBuildConfiguration section */
		8A050A1C24FEFB3200D5222D /* Debug */ = {
			isa = XCBuildConfiguration;
			buildSettings = {
				ALWAYS_SEARCH_USER_PATHS = NO;
				CLANG_ANALYZER_NONNULL = YES;
				CLANG_ANALYZER_NUMBER_OBJECT_CONVERSION = YES_AGGRESSIVE;
				CLANG_CXX_LANGUAGE_STANDARD = "gnu++14";
				CLANG_CXX_LIBRARY = "libc++";
				CLANG_ENABLE_MODULES = YES;
				CLANG_ENABLE_OBJC_ARC = YES;
				CLANG_ENABLE_OBJC_WEAK = YES;
				CLANG_WARN_BLOCK_CAPTURE_AUTORELEASING = YES;
				CLANG_WARN_BOOL_CONVERSION = YES;
				CLANG_WARN_COMMA = YES;
				CLANG_WARN_CONSTANT_CONVERSION = YES;
				CLANG_WARN_DEPRECATED_OBJC_IMPLEMENTATIONS = YES;
				CLANG_WARN_DIRECT_OBJC_ISA_USAGE = YES_ERROR;
				CLANG_WARN_DOCUMENTATION_COMMENTS = YES;
				CLANG_WARN_EMPTY_BODY = YES;
				CLANG_WARN_ENUM_CONVERSION = YES;
				CLANG_WARN_INFINITE_RECURSION = YES;
				CLANG_WARN_INT_CONVERSION = YES;
				CLANG_WARN_NON_LITERAL_NULL_CONVERSION = YES;
				CLANG_WARN_OBJC_IMPLICIT_RETAIN_SELF = YES;
				CLANG_WARN_OBJC_LITERAL_CONVERSION = YES;
				CLANG_WARN_OBJC_ROOT_CLASS = YES_ERROR;
				CLANG_WARN_RANGE_LOOP_ANALYSIS = YES;
				CLANG_WARN_STRICT_PROTOTYPES = YES;
				CLANG_WARN_SUSPICIOUS_MOVE = YES;
				CLANG_WARN_UNGUARDED_AVAILABILITY = YES_AGGRESSIVE;
				CLANG_WARN_UNREACHABLE_CODE = YES;
				CLANG_WARN__DUPLICATE_METHOD_MATCH = YES;
				COPY_PHASE_STRIP = NO;
				DEBUG_INFORMATION_FORMAT = dwarf;
				ENABLE_STRICT_OBJC_MSGSEND = YES;
				ENABLE_TESTABILITY = YES;
				GCC_C_LANGUAGE_STANDARD = gnu11;
				GCC_DYNAMIC_NO_PIC = NO;
				GCC_NO_COMMON_BLOCKS = YES;
				GCC_OPTIMIZATION_LEVEL = 0;
				GCC_PREPROCESSOR_DEFINITIONS = (
					"DEBUG=1",
					"$(inherited)",
				);
				GCC_WARN_64_TO_32_BIT_CONVERSION = YES;
				GCC_WARN_ABOUT_RETURN_TYPE = YES_ERROR;
				GCC_WARN_UNDECLARED_SELECTOR = YES;
				GCC_WARN_UNINITIALIZED_AUTOS = YES_AGGRESSIVE;
				GCC_WARN_UNUSED_FUNCTION = YES;
				GCC_WARN_UNUSED_VARIABLE = YES;
				IPHONEOS_DEPLOYMENT_TARGET = 13.6;
				MTL_ENABLE_DEBUG_INFO = INCLUDE_SOURCE;
				MTL_FAST_MATH = YES;
				ONLY_ACTIVE_ARCH = YES;
				SDKROOT = iphoneos;
				SWIFT_ACTIVE_COMPILATION_CONDITIONS = DEBUG;
				SWIFT_OPTIMIZATION_LEVEL = "-Onone";
			};
			name = Debug;
		};
		8A050A1D24FEFB3200D5222D /* Release */ = {
			isa = XCBuildConfiguration;
			buildSettings = {
				ALWAYS_SEARCH_USER_PATHS = NO;
				CLANG_ANALYZER_NONNULL = YES;
				CLANG_ANALYZER_NUMBER_OBJECT_CONVERSION = YES_AGGRESSIVE;
				CLANG_CXX_LANGUAGE_STANDARD = "gnu++14";
				CLANG_CXX_LIBRARY = "libc++";
				CLANG_ENABLE_MODULES = YES;
				CLANG_ENABLE_OBJC_ARC = YES;
				CLANG_ENABLE_OBJC_WEAK = YES;
				CLANG_WARN_BLOCK_CAPTURE_AUTORELEASING = YES;
				CLANG_WARN_BOOL_CONVERSION = YES;
				CLANG_WARN_COMMA = YES;
				CLANG_WARN_CONSTANT_CONVERSION = YES;
				CLANG_WARN_DEPRECATED_OBJC_IMPLEMENTATIONS = YES;
				CLANG_WARN_DIRECT_OBJC_ISA_USAGE = YES_ERROR;
				CLANG_WARN_DOCUMENTATION_COMMENTS = YES;
				CLANG_WARN_EMPTY_BODY = YES;
				CLANG_WARN_ENUM_CONVERSION = YES;
				CLANG_WARN_INFINITE_RECURSION = YES;
				CLANG_WARN_INT_CONVERSION = YES;
				CLANG_WARN_NON_LITERAL_NULL_CONVERSION = YES;
				CLANG_WARN_OBJC_IMPLICIT_RETAIN_SELF = YES;
				CLANG_WARN_OBJC_LITERAL_CONVERSION = YES;
				CLANG_WARN_OBJC_ROOT_CLASS = YES_ERROR;
				CLANG_WARN_RANGE_LOOP_ANALYSIS = YES;
				CLANG_WARN_STRICT_PROTOTYPES = YES;
				CLANG_WARN_SUSPICIOUS_MOVE = YES;
				CLANG_WARN_UNGUARDED_AVAILABILITY = YES_AGGRESSIVE;
				CLANG_WARN_UNREACHABLE_CODE = YES;
				CLANG_WARN__DUPLICATE_METHOD_MATCH = YES;
				COPY_PHASE_STRIP = NO;
				DEBUG_INFORMATION_FORMAT = "dwarf-with-dsym";
				ENABLE_NS_ASSERTIONS = NO;
				ENABLE_STRICT_OBJC_MSGSEND = YES;
				GCC_C_LANGUAGE_STANDARD = gnu11;
				GCC_NO_COMMON_BLOCKS = YES;
				GCC_WARN_64_TO_32_BIT_CONVERSION = YES;
				GCC_WARN_ABOUT_RETURN_TYPE = YES_ERROR;
				GCC_WARN_UNDECLARED_SELECTOR = YES;
				GCC_WARN_UNINITIALIZED_AUTOS = YES_AGGRESSIVE;
				GCC_WARN_UNUSED_FUNCTION = YES;
				GCC_WARN_UNUSED_VARIABLE = YES;
				IPHONEOS_DEPLOYMENT_TARGET = 13.6;
				MTL_ENABLE_DEBUG_INFO = NO;
				MTL_FAST_MATH = YES;
				SDKROOT = iphoneos;
				SWIFT_COMPILATION_MODE = wholemodule;
				SWIFT_OPTIMIZATION_LEVEL = "-O";
				VALIDATE_PRODUCT = YES;
			};
			name = Release;
		};
		8A050A1F24FEFB3200D5222D /* Debug */ = {
			isa = XCBuildConfiguration;
			buildSettings = {
				ASSETCATALOG_COMPILER_APPICON_NAME = AppIcon;
				CODE_SIGN_STYLE = Automatic;
				DEVELOPMENT_ASSET_PATHS = "\"ResearchNotes/Preview Content\"";
				DEVELOPMENT_TEAM = 7GMC9ADGVV;
				ENABLE_PREVIEWS = YES;
				INFOPLIST_FILE = ResearchNotes/Info.plist;
				LD_RUNPATH_SEARCH_PATHS = (
					"$(inherited)",
					"@executable_path/Frameworks",
				);
				PRODUCT_BUNDLE_IDENTIFIER = me.mamnun.ResearchNotes;
				PRODUCT_NAME = "$(TARGET_NAME)";
				SWIFT_VERSION = 5.0;
				TARGETED_DEVICE_FAMILY = "1,2";
			};
			name = Debug;
		};
		8A050A2024FEFB3200D5222D /* Release */ = {
			isa = XCBuildConfiguration;
			buildSettings = {
				ASSETCATALOG_COMPILER_APPICON_NAME = AppIcon;
				CODE_SIGN_STYLE = Automatic;
				DEVELOPMENT_ASSET_PATHS = "\"ResearchNotes/Preview Content\"";
				DEVELOPMENT_TEAM = 7GMC9ADGVV;
				ENABLE_PREVIEWS = YES;
				INFOPLIST_FILE = ResearchNotes/Info.plist;
				LD_RUNPATH_SEARCH_PATHS = (
					"$(inherited)",
					"@executable_path/Frameworks",
				);
				PRODUCT_BUNDLE_IDENTIFIER = me.mamnun.ResearchNotes;
				PRODUCT_NAME = "$(TARGET_NAME)";
				SWIFT_VERSION = 5.0;
				TARGETED_DEVICE_FAMILY = "1,2";
			};
			name = Release;
		};
		8A050A2224FEFB3200D5222D /* Debug */ = {
			isa = XCBuildConfiguration;
			buildSettings = {
				ALWAYS_EMBED_SWIFT_STANDARD_LIBRARIES = YES;
				BUNDLE_LOADER = "$(TEST_HOST)";
				CODE_SIGN_STYLE = Automatic;
				DEVELOPMENT_TEAM = 7GMC9ADGVV;
				INFOPLIST_FILE = ResearchNotesTests/Info.plist;
				IPHONEOS_DEPLOYMENT_TARGET = 13.6;
				LD_RUNPATH_SEARCH_PATHS = (
					"$(inherited)",
					"@executable_path/Frameworks",
					"@loader_path/Frameworks",
				);
				PRODUCT_BUNDLE_IDENTIFIER = me.mamnun.ResearchNotesTests;
				PRODUCT_NAME = "$(TARGET_NAME)";
				SWIFT_VERSION = 5.0;
				TARGETED_DEVICE_FAMILY = "1,2";
				TEST_HOST = "$(BUILT_PRODUCTS_DIR)/ResearchNotes.app/ResearchNotes";
			};
			name = Debug;
		};
		8A050A2324FEFB3200D5222D /* Release */ = {
			isa = XCBuildConfiguration;
			buildSettings = {
				ALWAYS_EMBED_SWIFT_STANDARD_LIBRARIES = YES;
				BUNDLE_LOADER = "$(TEST_HOST)";
				CODE_SIGN_STYLE = Automatic;
				DEVELOPMENT_TEAM = 7GMC9ADGVV;
				INFOPLIST_FILE = ResearchNotesTests/Info.plist;
				IPHONEOS_DEPLOYMENT_TARGET = 13.6;
				LD_RUNPATH_SEARCH_PATHS = (
					"$(inherited)",
					"@executable_path/Frameworks",
					"@loader_path/Frameworks",
				);
				PRODUCT_BUNDLE_IDENTIFIER = me.mamnun.ResearchNotesTests;
				PRODUCT_NAME = "$(TARGET_NAME)";
				SWIFT_VERSION = 5.0;
				TARGETED_DEVICE_FAMILY = "1,2";
				TEST_HOST = "$(BUILT_PRODUCTS_DIR)/ResearchNotes.app/ResearchNotes";
			};
			name = Release;
		};
/* End XCBuildConfiguration section */

/* Begin XCConfigurationList section */
		8A0509FA24FEFB2F00D5222D /* Build configuration list for PBXProject "ResearchNotes" */ = {
			isa = XCConfigurationList;
			buildConfigurations = (
				8A050A1C24FEFB3200D5222D /* Debug */,
				8A050A1D24FEFB3200D5222D /* Release */,
			);
			defaultConfigurationIsVisible = 0;
			defaultConfigurationName = Release;
		};
		8A050A1E24FEFB3200D5222D /* Build configuration list for PBXNativeTarget "ResearchNotes" */ = {
			isa = XCConfigurationList;
			buildConfigurations = (
				8A050A1F24FEFB3200D5222D /* Debug */,
				8A050A2024FEFB3200D5222D /* Release */,
			);
			defaultConfigurationIsVisible = 0;
			defaultConfigurationName = Release;
		};
		8A050A2124FEFB3200D5222D /* Build configuration list for PBXNativeTarget "ResearchNotesTests" */ = {
			isa = XCConfigurationList;
			buildConfigurations = (
				8A050A2224FEFB3200D5222D /* Debug */,
				8A050A2324FEFB3200D5222D /* Release */,
			);
			defaultConfigurationIsVisible = 0;
			defaultConfigurationName = Release;
		};
/* End XCConfigurationList section */
	};
	rootObject = 8A0509F724FEFB2F00D5222D /* Project object */;
}
